
Microsoft Visual Studio Solution File, Format Version 12.00
# Visual Studio Version 17
VisualStudioVersion = 17.1.32407.343
MinimumVisualStudioVersion = 10.0.40219.1
Project("{FAE04EC0-301F-11D3-BF4B-00C04F79EFBC}") = "MagazinSystem", "MagazinSystem\MagazinSystem.csproj", "{0BF060D8-6334-4A6D-8A48-A1E849E32A23}"
EndProject
Global
	GlobalSection(SolutionConfigurationPlatforms) = preSolution
		Debug|Any CPU = Debug|Any CPU
		Release|Any CPU = Release|Any CPU
	EndGlobalSection
	GlobalSection(ProjectConfigurationPlatforms) = postSolution
		{0BF060D8-6334-4A6D-8A48-A1E849E32A23}.Debug|Any CPU.ActiveCfg = Debug|Any CPU
		{0BF060D8-6334-4A6D-8A48-A1E849E32A23}.Debug|Any CPU.Build.0 = Debug|Any CPU
		{0BF060D8-6334-4A6D-8A48-A1E849E32A23}.Release|Any CPU.ActiveCfg = Release|Any CPU
		{0BF060D8-6334-4A6D-8A48-A1E849E32A23}.Release|Any CPU.Build.0 = Release|Any CPU
	EndGlobalSection
	GlobalSection(SolutionProperties) = preSolution
		HideSolutionNode = FALSE
	EndGlobalSection
	GlobalSection(ExtensibilityGlobals) = postSolution
		SolutionGuid = {851F621B-3DB4-46EF-9A6F-CBF6A604592B}
	EndGlobalSection
EndGlobal
